// !$*UTF8*$!
{
	archiveVersion = 1;
	classes = {
	};
	objectVersion = 46;
	objects = {

/* Begin PBXBuildFile section */
		EB714DF5172CC5E600B883BD /* reset.png in Resources */ = {isa = PBXBuildFile; fileRef = EB714DF4172CC5E600B883BD /* reset.png */; };
		EB714DF8172CC93B00B883BD /* SetCardDeck.m in Sources */ = {isa = PBXBuildFile; fileRef = EB714DF7172CC93B00B883BD /* SetCardDeck.m */; };
		EB9F323C173B6AA800BD5555 /* LastPlayStatus.m in Sources */ = {isa = PBXBuildFile; fileRef = EB9F323B173B6AA800BD5555 /* LastPlayStatus.m */; };
		EBEA6B801712365200B0D026 /* UIKit.framework in Frameworks */ = {isa = PBXBuildFile; fileRef = EBEA6B7F1712365200B0D026 /* UIKit.framework */; };
		EBEA6B821712365200B0D026 /* Foundation.framework in Frameworks */ = {isa = PBXBuildFile; fileRef = EBEA6B811712365200B0D026 /* Foundation.framework */; };
		EBEA6B841712365200B0D026 /* CoreGraphics.framework in Frameworks */ = {isa = PBXBuildFile; fileRef = EBEA6B831712365200B0D026 /* CoreGraphics.framework */; };
		EBEA6B8A1712365200B0D026 /* InfoPlist.strings in Resources */ = {isa = PBXBuildFile; fileRef = EBEA6B881712365200B0D026 /* InfoPlist.strings */; };
		EBEA6B8C1712365200B0D026 /* main.m in Sources */ = {isa = PBXBuildFile; fileRef = EBEA6B8B1712365200B0D026 /* main.m */; };
		EBEA6B901712365200B0D026 /* CardGameAppDelegate.m in Sources */ = {isa = PBXBuildFile; fileRef = EBEA6B8F1712365200B0D026 /* CardGameAppDelegate.m */; };
		EBEA6B921712365200B0D026 /* Default.png in Resources */ = {isa = PBXBuildFile; fileRef = EBEA6B911712365200B0D026 /* Default.png */; };
		EBEA6B941712365200B0D026 /* Default@2x.png in Resources */ = {isa = PBXBuildFile; fileRef = EBEA6B931712365200B0D026 /* Default@2x.png */; };
		EBEA6B961712365200B0D026 /* Default-568h@2x.png in Resources */ = {isa = PBXBuildFile; fileRef = EBEA6B951712365200B0D026 /* Default-568h@2x.png */; };
		EBEA6B991712365200B0D026 /* MainStoryboard.storyboard in Resources */ = {isa = PBXBuildFile; fileRef = EBEA6B971712365200B0D026 /* MainStoryboard.storyboard */; };
		EBEA6B9C1712365200B0D026 /* CardGameViewController.m in Sources */ = {isa = PBXBuildFile; fileRef = EBEA6B9B1712365200B0D026 /* CardGameViewController.m */; };
		EBEA6BA41712757B00B0D026 /* Card.m in Sources */ = {isa = PBXBuildFile; fileRef = EBEA6BA31712757B00B0D026 /* Card.m */; };
		EBEA6BA81712760500B0D026 /* Deck.m in Sources */ = {isa = PBXBuildFile; fileRef = EBEA6BA71712760500B0D026 /* Deck.m */; };
		EBEA6BAB1713DB8C00B0D026 /* PlayingCard.m in Sources */ = {isa = PBXBuildFile; fileRef = EBEA6BAA1713DB8C00B0D026 /* PlayingCard.m */; };
		EBEA6BAE1713E59D00B0D026 /* PlayingCardDeck.m in Sources */ = {isa = PBXBuildFile; fileRef = EBEA6BAD1713E59D00B0D026 /* PlayingCardDeck.m */; };
		EBEA6BB1171B881600B0D026 /* CardMatchingGame.m in Sources */ = {isa = PBXBuildFile; fileRef = EBEA6BB0171B881600B0D026 /* CardMatchingGame.m */; };
		EBEA6BB81726559300B0D026 /* card.png in Resources */ = {isa = PBXBuildFile; fileRef = EBEA6BB71726559300B0D026 /* card.png */; };
		EBEA6BBB1726643100B0D026 /* SetGameViewController.m in Sources */ = {isa = PBXBuildFile; fileRef = EBEA6BBA1726643100B0D026 /* SetGameViewController.m */; };
		EBEA6BBE1726645C00B0D026 /* SetCard.m in Sources */ = {isa = PBXBuildFile; fileRef = EBEA6BBD1726645C00B0D026 /* SetCard.m */; };
/* End PBXBuildFile section */

/* Begin PBXFileReference section */
		EB714DF4172CC5E600B883BD /* reset.png */ = {isa = PBXFileReference; lastKnownFileType = image.png; name = reset.png; path = ../../reset.png; sourceTree = "<group>"; };
		EB714DF6172CC93B00B883BD /* SetCardDeck.h */ = {isa = PBXFileReference; fileEncoding = 4; lastKnownFileType = sourcecode.c.h; name = SetCardDeck.h; path = Model/SetCardDeck.h; sourceTree = "<group>"; };
		EB714DF7172CC93B00B883BD /* SetCardDeck.m */ = {isa = PBXFileReference; fileEncoding = 4; lastKnownFileType = sourcecode.c.objc; name = SetCardDeck.m; path = Model/SetCardDeck.m; sourceTree = "<group>"; };
		EB9F323A173B6AA800BD5555 /* LastPlayStatus.h */ = {isa = PBXFileReference; fileEncoding = 4; lastKnownFileType = sourcecode.c.h; name = LastPlayStatus.h; path = Model/LastPlayStatus.h; sourceTree = "<group>"; };
		EB9F323B173B6AA800BD5555 /* LastPlayStatus.m */ = {isa = PBXFileReference; fileEncoding = 4; lastKnownFileType = sourcecode.c.objc; name = LastPlayStatus.m; path = Model/LastPlayStatus.m; sourceTree = "<group>"; };
		EBEA6B7C1712365200B0D026 /* Matchismo.app */ = {isa = PBXFileReference; explicitFileType = wrapper.application; includeInIndex = 0; path = Matchismo.app; sourceTree = BUILT_PRODUCTS_DIR; };
		EBEA6B7F1712365200B0D026 /* UIKit.framework */ = {isa = PBXFileReference; lastKnownFileType = wrapper.framework; name = UIKit.framework; path = System/Library/Frameworks/UIKit.framework; sourceTree = SDKROOT; };
		EBEA6B811712365200B0D026 /* Foundation.framework */ = {isa = PBXFileReference; lastKnownFileType = wrapper.framework; name = Foundation.framework; path = System/Library/Frameworks/Foundation.framework; sourceTree = SDKROOT; };
		EBEA6B831712365200B0D026 /* CoreGraphics.framework */ = {isa = PBXFileReference; lastKnownFileType = wrapper.framework; name = CoreGraphics.framework; path = System/Library/Frameworks/CoreGraphics.framework; sourceTree = SDKROOT; };
		EBEA6B871712365200B0D026 /* Matchismo-Info.plist */ = {isa = PBXFileReference; lastKnownFileType = text.plist.xml; path = "Matchismo-Info.plist"; sourceTree = "<group>"; };
		EBEA6B891712365200B0D026 /* en */ = {isa = PBXFileReference; lastKnownFileType = text.plist.strings; name = en; path = en.lproj/InfoPlist.strings; sourceTree = "<group>"; };
		EBEA6B8B1712365200B0D026 /* main.m */ = {isa = PBXFileReference; lastKnownFileType = sourcecode.c.objc; path = main.m; sourceTree = "<group>"; };
		EBEA6B8D1712365200B0D026 /* Matchismo-Prefix.pch */ = {isa = PBXFileReference; lastKnownFileType = sourcecode.c.h; path = "Matchismo-Prefix.pch"; sourceTree = "<group>"; };
		EBEA6B8E1712365200B0D026 /* CardGameAppDelegate.h */ = {isa = PBXFileReference; lastKnownFileType = sourcecode.c.h; path = CardGameAppDelegate.h; sourceTree = "<group>"; };
		EBEA6B8F1712365200B0D026 /* CardGameAppDelegate.m */ = {isa = PBXFileReference; lastKnownFileType = sourcecode.c.objc; path = CardGameAppDelegate.m; sourceTree = "<group>"; };
		EBEA6B911712365200B0D026 /* Default.png */ = {isa = PBXFileReference; lastKnownFileType = image.png; path = Default.png; sourceTree = "<group>"; };
		EBEA6B931712365200B0D026 /* Default@2x.png */ = {isa = PBXFileReference; lastKnownFileType = image.png; path = "Default@2x.png"; sourceTree = "<group>"; };
		EBEA6B951712365200B0D026 /* Default-568h@2x.png */ = {isa = PBXFileReference; lastKnownFileType = image.png; path = "Default-568h@2x.png"; sourceTree = "<group>"; };
		EBEA6B981712365200B0D026 /* en */ = {isa = PBXFileReference; lastKnownFileType = file.storyboard; name = en; path = en.lproj/MainStoryboard.storyboard; sourceTree = "<group>"; };
		EBEA6B9A1712365200B0D026 /* CardGameViewController.h */ = {isa = PBXFileReference; lastKnownFileType = sourcecode.c.h; path = CardGameViewController.h; sourceTree = "<group>"; };
		EBEA6B9B1712365200B0D026 /* CardGameViewController.m */ = {isa = PBXFileReference; lastKnownFileType = sourcecode.c.objc; path = CardGameViewController.m; sourceTree = "<group>"; };
		EBEA6BA21712757B00B0D026 /* Card.h */ = {isa = PBXFileReference; fileEncoding = 4; lastKnownFileType = sourcecode.c.h; name = Card.h; path = Model/Card.h; sourceTree = "<group>"; };
		EBEA6BA31712757B00B0D026 /* Card.m */ = {isa = PBXFileReference; fileEncoding = 4; lastKnownFileType = sourcecode.c.objc; name = Card.m; path = Model/Card.m; sourceTree = "<group>"; };
		EBEA6BA61712760500B0D026 /* Deck.h */ = {isa = PBXFileReference; fileEncoding = 4; lastKnownFileType = sourcecode.c.h; name = Deck.h; path = Model/Deck.h; sourceTree = "<group>"; };
		EBEA6BA71712760500B0D026 /* Deck.m */ = {isa = PBXFileReference; fileEncoding = 4; lastKnownFileType = sourcecode.c.objc; name = Deck.m; path = Model/Deck.m; sourceTree = "<group>"; };
		EBEA6BA91713DB8C00B0D026 /* PlayingCard.h */ = {isa = PBXFileReference; fileEncoding = 4; lastKnownFileType = sourcecode.c.h; name = PlayingCard.h; path = Model/PlayingCard.h; sourceTree = "<group>"; };
		EBEA6BAA1713DB8C00B0D026 /* PlayingCard.m */ = {isa = PBXFileReference; fileEncoding = 4; lastKnownFileType = sourcecode.c.objc; name = PlayingCard.m; path = Model/PlayingCard.m; sourceTree = "<group>"; };
		EBEA6BAC1713E59D00B0D026 /* PlayingCardDeck.h */ = {isa = PBXFileReference; fileEncoding = 4; lastKnownFileType = sourcecode.c.h; name = PlayingCardDeck.h; path = Model/PlayingCardDeck.h; sourceTree = "<group>"; };
		EBEA6BAD1713E59D00B0D026 /* PlayingCardDeck.m */ = {isa = PBXFileReference; fileEncoding = 4; lastKnownFileType = sourcecode.c.objc; name = PlayingCardDeck.m; path = Model/PlayingCardDeck.m; sourceTree = "<group>"; };
		EBEA6BAF171B881600B0D026 /* CardMatchingGame.h */ = {isa = PBXFileReference; fileEncoding = 4; lastKnownFileType = sourcecode.c.h; name = CardMatchingGame.h; path = Model/CardMatchingGame.h; sourceTree = "<group>"; };
		EBEA6BB0171B881600B0D026 /* CardMatchingGame.m */ = {isa = PBXFileReference; fileEncoding = 4; lastKnownFileType = sourcecode.c.objc; name = CardMatchingGame.m; path = Model/CardMatchingGame.m; sourceTree = "<group>"; };
		EBEA6BB71726559300B0D026 /* card.png */ = {isa = PBXFileReference; lastKnownFileType = image.png; name = card.png; path = ../../card.png; sourceTree = "<group>"; };
		EBEA6BB91726643000B0D026 /* SetGameViewController.h */ = {isa = PBXFileReference; fileEncoding = 4; lastKnownFileType = sourcecode.c.h; path = SetGameViewController.h; sourceTree = "<group>"; };
		EBEA6BBA1726643100B0D026 /* SetGameViewController.m */ = {isa = PBXFileReference; fileEncoding = 4; lastKnownFileType = sourcecode.c.objc; path = SetGameViewController.m; sourceTree = "<group>"; };
		EBEA6BBC1726645B00B0D026 /* SetCard.h */ = {isa = PBXFileReference; fileEncoding = 4; lastKnownFileType = sourcecode.c.h; name = SetCard.h; path = Model/SetCard.h; sourceTree = "<group>"; };
		EBEA6BBD1726645C00B0D026 /* SetCard.m */ = {isa = PBXFileReference; fileEncoding = 4; lastKnownFileType = sourcecode.c.objc; name = SetCard.m; path = Model/SetCard.m; sourceTree = "<group>"; };
/* End PBXFileReference section */

/* Begin PBXFrameworksBuildPhase section */
		EBEA6B791712365200B0D026 /* Frameworks */ = {
			isa = PBXFrameworksBuildPhase;
			buildActionMask = 2147483647;
			files = (
				EBEA6B801712365200B0D026 /* UIKit.framework in Frameworks */,
				EBEA6B821712365200B0D026 /* Foundation.framework in Frameworks */,
				EBEA6B841712365200B0D026 /* CoreGraphics.framework in Frameworks */,
			);
			runOnlyForDeploymentPostprocessing = 0;
		};
/* End PBXFrameworksBuildPhase section */

/* Begin PBXGroup section */
		EBEA6B731712365100B0D026 = {
			isa = PBXGroup;
			children = (
				EBEA6B851712365200B0D026 /* Matchismo */,
				EBEA6B7E1712365200B0D026 /* Frameworks */,
				EBEA6B7D1712365200B0D026 /* Products */,
			);
			sourceTree = "<group>";
		};
		EBEA6B7D1712365200B0D026 /* Products */ = {
			isa = PBXGroup;
			children = (
				EBEA6B7C1712365200B0D026 /* Matchismo.app */,
			);
			name = Products;
			sourceTree = "<group>";
		};
		EBEA6B7E1712365200B0D026 /* Frameworks */ = {
			isa = PBXGroup;
			children = (
				EBEA6B7F1712365200B0D026 /* UIKit.framework */,
				EBEA6B811712365200B0D026 /* Foundation.framework */,
				EBEA6B831712365200B0D026 /* CoreGraphics.framework */,
			);
			name = Frameworks;
			sourceTree = "<group>";
		};
		EBEA6B851712365200B0D026 /* Matchismo */ = {
			isa = PBXGroup;
			children = (
				EBEA6BA5171275CE00B0D026 /* Model */,
				EBEA6B971712365200B0D026 /* MainStoryboard.storyboard */,
				EBEA6B9A1712365200B0D026 /* CardGameViewController.h */,
				EBEA6B9B1712365200B0D026 /* CardGameViewController.m */,
				EBEA6BB91726643000B0D026 /* SetGameViewController.h */,
				EBEA6BBA1726643100B0D026 /* SetGameViewController.m */,
				EBEA6B861712365200B0D026 /* Supporting Files */,
			);
			path = Matchismo;
			sourceTree = "<group>";
		};
		EBEA6B861712365200B0D026 /* Supporting Files */ = {
			isa = PBXGroup;
			children = (
				EB714DF4172CC5E600B883BD /* reset.png */,
				EBEA6BB71726559300B0D026 /* card.png */,
				EBEA6B8E1712365200B0D026 /* CardGameAppDelegate.h */,
				EBEA6B8F1712365200B0D026 /* CardGameAppDelegate.m */,
				EBEA6B871712365200B0D026 /* Matchismo-Info.plist */,
				EBEA6B881712365200B0D026 /* InfoPlist.strings */,
				EBEA6B8B1712365200B0D026 /* main.m */,
				EBEA6B8D1712365200B0D026 /* Matchismo-Prefix.pch */,
				EBEA6B911712365200B0D026 /* Default.png */,
				EBEA6B931712365200B0D026 /* Default@2x.png */,
				EBEA6B951712365200B0D026 /* Default-568h@2x.png */,
			);
			name = "Supporting Files";
			sourceTree = "<group>";
		};
		EBEA6BA5171275CE00B0D026 /* Model */ = {
			isa = PBXGroup;
			children = (
				EBEA6BAF171B881600B0D026 /* CardMatchingGame.h */,
				EBEA6BB0171B881600B0D026 /* CardMatchingGame.m */,
				EBEA6BA21712757B00B0D026 /* Card.h */,
				EBEA6BA31712757B00B0D026 /* Card.m */,
				EBEA6BA61712760500B0D026 /* Deck.h */,
				EBEA6BA71712760500B0D026 /* Deck.m */,
				EBEA6BA91713DB8C00B0D026 /* PlayingCard.h */,
				EBEA6BAA1713DB8C00B0D026 /* PlayingCard.m */,
				EBEA6BAC1713E59D00B0D026 /* PlayingCardDeck.h */,
				EBEA6BAD1713E59D00B0D026 /* PlayingCardDeck.m */,
				EBEA6BBC1726645B00B0D026 /* SetCard.h */,
				EBEA6BBD1726645C00B0D026 /* SetCard.m */,
				EB714DF6172CC93B00B883BD /* SetCardDeck.h */,
				EB714DF7172CC93B00B883BD /* SetCardDeck.m */,
				EB9F323A173B6AA800BD5555 /* LastPlayStatus.h */,
				EB9F323B173B6AA800BD5555 /* LastPlayStatus.m */,
			);
			name = Model;
			sourceTree = "<group>";
		};
/* End PBXGroup section */

/* Begin PBXNativeTarget section */
		EBEA6B7B1712365200B0D026 /* Matchismo */ = {
			isa = PBXNativeTarget;
			buildConfigurationList = EBEA6B9F1712365200B0D026 /* Build configuration list for PBXNativeTarget "Matchismo" */;
			buildPhases = (
				EBEA6B781712365200B0D026 /* Sources */,
				EBEA6B791712365200B0D026 /* Frameworks */,
				EBEA6B7A1712365200B0D026 /* Resources */,
			);
			buildRules = (
			);
			dependencies = (
			);
			name = Matchismo;
			productName = Matchismo;
			productReference = EBEA6B7C1712365200B0D026 /* Matchismo.app */;
			productType = "com.apple.product-type.application";
		};
/* End PBXNativeTarget section */

/* Begin PBXProject section */
		EBEA6B741712365100B0D026 /* Project object */ = {
			isa = PBXProject;
			attributes = {
				CLASSPREFIX = CardGame;
				LastUpgradeCheck = 0460;
				ORGANIZATIONNAME = septerr;
			};
			buildConfigurationList = EBEA6B771712365100B0D026 /* Build configuration list for PBXProject "Matchismo" */;
			compatibilityVersion = "Xcode 3.2";
			developmentRegion = English;
			hasScannedForEncodings = 0;
			knownRegions = (
				en,
			);
			mainGroup = EBEA6B731712365100B0D026;
			productRefGroup = EBEA6B7D1712365200B0D026 /* Products */;
			projectDirPath = "";
			projectRoot = "";
			targets = (
				EBEA6B7B1712365200B0D026 /* Matchismo */,
			);
		};
/* End PBXProject section */

/* Begin PBXResourcesBuildPhase section */
		EBEA6B7A1712365200B0D026 /* Resources */ = {
			isa = PBXResourcesBuildPhase;
			buildActionMask = 2147483647;
			files = (
				EBEA6B8A1712365200B0D026 /* InfoPlist.strings in Resources */,
				EBEA6B921712365200B0D026 /* Default.png in Resources */,
				EBEA6B941712365200B0D026 /* Default@2x.png in Resources */,
				EBEA6B961712365200B0D026 /* Default-568h@2x.png in Resources */,
				EBEA6B991712365200B0D026 /* MainStoryboard.storyboard in Resources */,
				EBEA6BB81726559300B0D026 /* card.png in Resources */,
				EB714DF5172CC5E600B883BD /* reset.png in Resources */,
			);
			runOnlyForDeploymentPostprocessing = 0;
		};
/* End PBXResourcesBuildPhase section */

/* Begin PBXSourcesBuildPhase section */
		EBEA6B781712365200B0D026 /* Sources */ = {
			isa = PBXSourcesBuildPhase;
			buildActionMask = 2147483647;
			files = (
				EBEA6B8C1712365200B0D026 /* main.m in Sources */,
				EBEA6B901712365200B0D026 /* CardGameAppDelegate.m in Sources */,
				EBEA6B9C1712365200B0D026 /* CardGameViewController.m in Sources */,
				EBEA6BA41712757B00B0D026 /* Card.m in Sources */,
				EBEA6BA81712760500B0D026 /* Deck.m in Sources */,
				EBEA6BAB1713DB8C00B0D026 /* PlayingCard.m in Sources */,
				EBEA6BAE1713E59D00B0D026 /* PlayingCardDeck.m in Sources */,
				EBEA6BB1171B881600B0D026 /* CardMatchingGame.m in Sources */,
				EBEA6BBB1726643100B0D026 /* SetGameViewController.m in Sources */,
				EBEA6BBE1726645C00B0D026 /* SetCard.m in Sources */,
				EB714DF8172CC93B00B883BD /* SetCardDeck.m in Sources */,
				EB9F323C173B6AA800BD5555 /* LastPlayStatus.m in Sources */,
			);
			runOnlyForDeploymentPostprocessing = 0;
		};
/* End PBXSourcesBuildPhase section */

/* Begin PBXVariantGroup section */
		EBEA6B881712365200B0D026 /* InfoPlist.strings */ = {
			isa = PBXVariantGroup;
			children = (
				EBEA6B891712365200B0D026 /* en */,
			);
			name = InfoPlist.strings;
			sourceTree = "<group>";
		};
		EBEA6B971712365200B0D026 /* MainStoryboard.storyboard */ = {
			isa = PBXVariantGroup;
			children = (
				EBEA6B981712365200B0D026 /* en */,
			);
			name = MainStoryboard.storyboard;
			sourceTree = "<group>";
		};
/* End PBXVariantGroup section */

/* Begin XCBuildConfiguration section */
		EBEA6B9D1712365200B0D026 /* Debug */ = {
			isa = XCBuildConfiguration;
			buildSettings = {
				ALWAYS_SEARCH_USER_PATHS = NO;
				CLANG_CXX_LANGUAGE_STANDARD = "gnu++0x";
				CLANG_CXX_LIBRARY = "libc++";
				CLANG_ENABLE_OBJC_ARC = YES;
				CLANG_WARN_CONSTANT_CONVERSION = YES;
				CLANG_WARN_EMPTY_BODY = YES;
				CLANG_WARN_ENUM_CONVERSION = YES;
				CLANG_WARN_INT_CONVERSION = YES;
				CLANG_WARN__DUPLICATE_METHOD_MATCH = YES;
				"CODE_SIGN_IDENTITY[sdk=iphoneos*]" = "iPhone Developer";
				COPY_PHASE_STRIP = NO;
				GCC_C_LANGUAGE_STANDARD = gnu99;
				GCC_DYNAMIC_NO_PIC = NO;
				GCC_OPTIMIZATION_LEVEL = 0;
				GCC_PREPROCESSOR_DEFINITIONS = (
					"DEBUG=1",
					"$(inherited)",
				);
				GCC_SYMBOLS_PRIVATE_EXTERN = NO;
				GCC_WARN_ABOUT_RETURN_TYPE = YES;
				GCC_WARN_UNINITIALIZED_AUTOS = YES;
				GCC_WARN_UNUSED_VARIABLE = YES;
				IPHONEOS_DEPLOYMENT_TARGET = 6.1;
				ONLY_ACTIVE_ARCH = YES;
				SDKROOT = iphoneos;
			};
			name = Debug;
		};
		EBEA6B9E1712365200B0D026 /* Release */ = {
			isa = XCBuildConfiguration;
			buildSettings = {
				ALWAYS_SEARCH_USER_PATHS = NO;
				CLANG_CXX_LANGUAGE_STANDARD = "gnu++0x";
				CLANG_CXX_LIBRARY = "libc++";
				CLANG_ENABLE_OBJC_ARC = YES;
				CLANG_WARN_CONSTANT_CONVERSION = YES;
				CLANG_WARN_EMPTY_BODY = YES;
				CLANG_WARN_ENUM_CONVERSION = YES;
				CLANG_WARN_INT_CONVERSION = YES;
				CLANG_WARN__DUPLICATE_METHOD_MATCH = YES;
				"CODE_SIGN_IDENTITY[sdk=iphoneos*]" = "iPhone Developer";
				COPY_PHASE_STRIP = YES;
				GCC_C_LANGUAGE_STANDARD = gnu99;
				GCC_WARN_ABOUT_RETURN_TYPE = YES;
				GCC_WARN_UNINITIALIZED_AUTOS = YES;
				GCC_WARN_UNUSED_VARIABLE = YES;
				IPHONEOS_DEPLOYMENT_TARGET = 6.1;
				OTHER_CFLAGS = "-DNS_BLOCK_ASSERTIONS=1";
				SDKROOT = iphoneos;
				VALIDATE_PRODUCT = YES;
			};
			name = Release;
		};
		EBEA6BA01712365200B0D026 /* Debug */ = {
			isa = XCBuildConfiguration;
			buildSettings = {
				GCC_PRECOMPILE_PREFIX_HEADER = YES;
				GCC_PREFIX_HEADER = "Matchismo/Matchismo-Prefix.pch";
				INFOPLIST_FILE = "Matchismo/Matchismo-Info.plist";
				PRODUCT_NAME = "$(TARGET_NAME)";
				WRAPPER_EXTENSION = app;
			};
			name = Debug;
		};
		EBEA6BA11712365200B0D026 /* Release */ = {
			isa = XCBuildConfiguration;
			buildSettings = {
				GCC_PRECOMPILE_PREFIX_HEADER = YES;
				GCC_PREFIX_HEADER = "Matchismo/Matchismo-Prefix.pch";
				INFOPLIST_FILE = "Matchismo/Matchismo-Info.plist";
				PRODUCT_NAME = "$(TARGET_NAME)";
				WRAPPER_EXTENSION = app;
			};
			name = Release;
		};
/* End XCBuildConfiguration section */

/* Begin XCConfigurationList section */
		EBEA6B771712365100B0D026 /* Build configuration list for PBXProject "Matchismo" */ = {
			isa = XCConfigurationList;
			buildConfigurations = (
				EBEA6B9D1712365200B0D026 /* Debug */,
				EBEA6B9E1712365200B0D026 /* Release */,
			);
			defaultConfigurationIsVisible = 0;
			defaultConfigurationName = Release;
		};
		EBEA6B9F1712365200B0D026 /* Build configuration list for PBXNativeTarget "Matchismo" */ = {
			isa = XCConfigurationList;
			buildConfigurations = (
				EBEA6BA01712365200B0D026 /* Debug */,
				EBEA6BA11712365200B0D026 /* Release */,
			);
			defaultConfigurationIsVisible = 0;
			defaultConfigurationName = Release;
		};
/* End XCConfigurationList section */
	};
	rootObject = EBEA6B741712365100B0D026 /* Project object */;
}
